dependencies:
  espressif/mpu6050:
    component_hash: d69219ccb141372b863c511749ffbeab28417ac71c205d7ed7030c308e1b6832
    dependencies:
    - name: idf
      require: private
      version: '>=4.0'
    source:
      registry_url: https://components.espressif.com/
      type: service
    version: 1.2.0
  idf:
    source:
      type: idf
    version: 5.4.1
direct_dependencies:
- espressif/mpu6050
- idf
manifest_hash: abb125d86b73da7f11d874e7ab3c69be261e6a9e5b355f6f082407f4ccfd04a5
target: esp32
version: 2.0.0
